
Microsoft Visual Studio Solution File, Format Version 12.00
# Visual Studio 14
VisualStudioVersion = 14.0.25420.1
MinimumVisualStudioVersion = 10.0.40219.1
Project("{FAE04EC0-301F-11D3-BF4B-00C04F79EFBC}") = "EFExamples", "EFExamples\EFExamples.csproj", "{C1D2CF45-8173-41F2-9469-BFB088F8BEA6}"
EndProject
Project("{FAE04EC0-301F-11D3-BF4B-00C04F79EFBC}") = "CarShop.Models", "CarShop.Models\CarShop.Models.csproj", "{A17F963C-ECA3-4BAD-A023-891EF86471BB}"
EndProject
Project("{FAE04EC0-301F-11D3-BF4B-00C04F79EFBC}") = "CarShop.DAL", "CarShop.DAL\CarShop.DAL.csproj", "{83E10B14-2A17-4491-AB61-345846C80824}"
EndProject
Project("{FAE04EC0-301F-11D3-BF4B-00C04F79EFBC}") = "CarShop.Services", "CarShop.Services\CarShop.Services.csproj", "{4A2A0918-FEFF-4CDF-8F2B-225762508161}"
EndProject
Project("{FAE04EC0-301F-11D3-BF4B-00C04F79EFBC}") = "CarShop.Contracts", "CarShop.Contracts\CarShop.Contracts.csproj", "{4FCF7DB3-9ECB-4D85-A3D4-EBD70AF01646}"
EndProject
Project("{FAE04EC0-301F-11D3-BF4B-00C04F79EFBC}") = "CarShop.Tests", "CarShop.Tests\CarShop.Tests.csproj", "{2D469544-47CA-44BC-992F-7C3A537B4AF7}"
EndProject
Global
	GlobalSection(SolutionConfigurationPlatforms) = preSolution
		Debug|Any CPU = Debug|Any CPU
		Release|Any CPU = Release|Any CPU
	EndGlobalSection
	GlobalSection(ProjectConfigurationPlatforms) = postSolution
		{C1D2CF45-8173-41F2-9469-BFB088F8BEA6}.Debug|Any CPU.ActiveCfg = Debug|Any CPU
		{C1D2CF45-8173-41F2-9469-BFB088F8BEA6}.Debug|Any CPU.Build.0 = Debug|Any CPU
		{C1D2CF45-8173-41F2-9469-BFB088F8BEA6}.Release|Any CPU.ActiveCfg = Release|Any CPU
		{C1D2CF45-8173-41F2-9469-BFB088F8BEA6}.Release|Any CPU.Build.0 = Release|Any CPU
		{A17F963C-ECA3-4BAD-A023-891EF86471BB}.Debug|Any CPU.ActiveCfg = Debug|Any CPU
		{A17F963C-ECA3-4BAD-A023-891EF86471BB}.Debug|Any CPU.Build.0 = Debug|Any CPU
		{A17F963C-ECA3-4BAD-A023-891EF86471BB}.Release|Any CPU.ActiveCfg = Release|Any CPU
		{A17F963C-ECA3-4BAD-A023-891EF86471BB}.Release|Any CPU.Build.0 = Release|Any CPU
		{83E10B14-2A17-4491-AB61-345846C80824}.Debug|Any CPU.ActiveCfg = Debug|Any CPU
		{83E10B14-2A17-4491-AB61-345846C80824}.Debug|Any CPU.Build.0 = Debug|Any CPU
		{83E10B14-2A17-4491-AB61-345846C80824}.Release|Any CPU.ActiveCfg = Release|Any CPU
		{83E10B14-2A17-4491-AB61-345846C80824}.Release|Any CPU.Build.0 = Release|Any CPU
		{4A2A0918-FEFF-4CDF-8F2B-225762508161}.Debug|Any CPU.ActiveCfg = Debug|Any CPU
		{4A2A0918-FEFF-4CDF-8F2B-225762508161}.Debug|Any CPU.Build.0 = Debug|Any CPU
		{4A2A0918-FEFF-4CDF-8F2B-225762508161}.Release|Any CPU.ActiveCfg = Release|Any CPU
		{4A2A0918-FEFF-4CDF-8F2B-225762508161}.Release|Any CPU.Build.0 = Release|Any CPU
		{4FCF7DB3-9ECB-4D85-A3D4-EBD70AF01646}.Debug|Any CPU.ActiveCfg = Debug|Any CPU
		{4FCF7DB3-9ECB-4D85-A3D4-EBD70AF01646}.Debug|Any CPU.Build.0 = Debug|Any CPU
		{4FCF7DB3-9ECB-4D85-A3D4-EBD70AF01646}.Release|Any CPU.ActiveCfg = Release|Any CPU
		{4FCF7DB3-9ECB-4D85-A3D4-EBD70AF01646}.Release|Any CPU.Build.0 = Release|Any CPU
		{2D469544-47CA-44BC-992F-7C3A537B4AF7}.Debug|Any CPU.ActiveCfg = Debug|Any CPU
		{2D469544-47CA-44BC-992F-7C3A537B4AF7}.Debug|Any CPU.Build.0 = Debug|Any CPU
		{2D469544-47CA-44BC-992F-7C3A537B4AF7}.Release|Any CPU.ActiveCfg = Release|Any CPU
		{2D469544-47CA-44BC-992F-7C3A537B4AF7}.Release|Any CPU.Build.0 = Release|Any CPU
	EndGlobalSection
	GlobalSection(SolutionProperties) = preSolution
		HideSolutionNode = FALSE
	EndGlobalSection
EndGlobal
